
Microsoft Visual Studio Solution File, Format Version 12.00
# Visual Studio Version 16
VisualStudioVersion = 25.0.1706.1
MinimumVisualStudioVersion = 10.0.40219.1
Project("{FAE04EC0-301F-11D3-BF4B-00C04F79EFBC}") = "Web", "Web.csproj", "{07C8CE9B-0C4D-44AF-93D6-1F389194B94D}"
EndProject
Global
	GlobalSection(SolutionConfigurationPlatforms) = preSolution
		Debug|Any CPU = Debug|Any CPU
		Release|Any CPU = Release|Any CPU
	EndGlobalSection
	GlobalSection(ProjectConfigurationPlatforms) = postSolution
		{07C8CE9B-0C4D-44AF-93D6-1F389194B94D}.Debug|Any CPU.ActiveCfg = Debug|Any CPU
		{07C8CE9B-0C4D-44AF-93D6-1F389194B94D}.Debug|Any CPU.Build.0 = Debug|Any CPU
		{07C8CE9B-0C4D-44AF-93D6-1F389194B94D}.Release|Any CPU.ActiveCfg = Release|Any CPU
		{07C8CE9B-0C4D-44AF-93D6-1F389194B94D}.Release|Any CPU.Build.0 = Release|Any CPU
	EndGlobalSection
	GlobalSection(SolutionProperties) = preSolution
		HideSolutionNode = FALSE
	EndGlobalSection
	GlobalSection(ExtensibilityGlobals) = postSolution
		SolutionGuid = {8C0BC09E-0D40-4BE2-AB0F-B02FF871845A}
	EndGlobalSection
EndGlobal
